
Microsoft Visual Studio Solution File, Format Version 12.00
# Visual Studio Version 17
VisualStudioVersion = 17.1.32328.378
MinimumVisualStudioVersion = 10.0.40219.1
Project("{2150E333-8FDC-42A3-9474-1A3956D46DE8}") = "src", "src", "{242216BB-C1C8-45EF-9C0F-7185A2E82766}"
EndProject
Project("{9A19103F-16F7-4668-BE54-9A1E7A4F7556}") = "Host", "src\Host\Host.csproj", "{B33A91CA-8AA7-451D-A344-9658BA8C67A9}"
EndProject
Project("{9A19103F-16F7-4668-BE54-9A1E7A4F7556}") = "Infrastructure", "src\Infrastructure\Infrastructure.csproj", "{7B658C80-E913-4BF7-ACF3-38AD27A9ECCE}"
EndProject
Project("{9A19103F-16F7-4668-BE54-9A1E7A4F7556}") = "Application", "src\Application\Application.csproj", "{B4A282A3-ED81-42EA-8D0A-337406931F93}"
EndProject
Project("{9A19103F-16F7-4668-BE54-9A1E7A4F7556}") = "Domain", "src\Domain\Domain.csproj", "{E546F539-A2AB-4191-9A5E-D7785EEEC637}"
EndProject
Project("{2150E333-8FDC-42A3-9474-1A3956D46DE8}") = "Migrators", "Migrators", "{338BD06C-600A-4B11-8122-7A3BE5BABBD5}"
EndProject
Project("{9A19103F-16F7-4668-BE54-9A1E7A4F7556}") = "Migrators.MySQL", "src\Migrators\Migrators.MySQL\Migrators.MySQL.csproj", "{8F1E661D-4A46-4C0A-BB26-144B28CA47D4}"
EndProject
Project("{9A19103F-16F7-4668-BE54-9A1E7A4F7556}") = "Migrators.Oracle", "src\Migrators\Migrators.Oracle\Migrators.Oracle.csproj", "{6B1D3A75-DF08-4BB5-9AE8-D90B9E5FCB99}"
EndProject
Project("{9A19103F-16F7-4668-BE54-9A1E7A4F7556}") = "Migrators.PostgreSQL", "src\Migrators\Migrators.PostgreSQL\Migrators.PostgreSQL.csproj", "{066589E9-BD72-4E1C-920F-A22D179C6067}"
EndProject
Project("{9A19103F-16F7-4668-BE54-9A1E7A4F7556}") = "Shared", "src\Shared\Shared.csproj", "{95A69743-073F-438E-85FA-F343B1C4ED7D}"
EndProject
Project("{2150E333-8FDC-42A3-9474-1A3956D46DE8}") = "tests", "tests", "{450F4D84-8857-446D-83D9-F3B411BFF75C}"
EndProject
Project("{9A19103F-16F7-4668-BE54-9A1E7A4F7556}") = "Infrastructure.Test", "tests\Infrastructure.Test\Infrastructure.Test.csproj", "{3C2BE7DE-1CBF-4C8F-BCEB-9E8DCF119FF4}"
EndProject
Project("{2150E333-8FDC-42A3-9474-1A3956D46DE8}") = "Readme", "Readme", "{179B8018-94F1-4F90-8EE1-564C031AB107}"
	ProjectSection(SolutionItems) = preProject
		README.md = README.md
	EndProjectSection
EndProject
Global
	GlobalSection(SolutionConfigurationPlatforms) = preSolution
		Debug|Any CPU = Debug|Any CPU
		Release|Any CPU = Release|Any CPU
	EndGlobalSection
	GlobalSection(ProjectConfigurationPlatforms) = postSolution
		{B33A91CA-8AA7-451D-A344-9658BA8C67A9}.Debug|Any CPU.ActiveCfg = Debug|Any CPU
		{B33A91CA-8AA7-451D-A344-9658BA8C67A9}.Debug|Any CPU.Build.0 = Debug|Any CPU
		{B33A91CA-8AA7-451D-A344-9658BA8C67A9}.Release|Any CPU.ActiveCfg = Release|Any CPU
		{B33A91CA-8AA7-451D-A344-9658BA8C67A9}.Release|Any CPU.Build.0 = Release|Any CPU
		{7B658C80-E913-4BF7-ACF3-38AD27A9ECCE}.Debug|Any CPU.ActiveCfg = Debug|Any CPU
		{7B658C80-E913-4BF7-ACF3-38AD27A9ECCE}.Debug|Any CPU.Build.0 = Debug|Any CPU
		{7B658C80-E913-4BF7-ACF3-38AD27A9ECCE}.Release|Any CPU.ActiveCfg = Release|Any CPU
		{7B658C80-E913-4BF7-ACF3-38AD27A9ECCE}.Release|Any CPU.Build.0 = Release|Any CPU
		{B4A282A3-ED81-42EA-8D0A-337406931F93}.Debug|Any CPU.ActiveCfg = Debug|Any CPU
		{B4A282A3-ED81-42EA-8D0A-337406931F93}.Debug|Any CPU.Build.0 = Debug|Any CPU
		{B4A282A3-ED81-42EA-8D0A-337406931F93}.Release|Any CPU.ActiveCfg = Release|Any CPU
		{B4A282A3-ED81-42EA-8D0A-337406931F93}.Release|Any CPU.Build.0 = Release|Any CPU
		{E546F539-A2AB-4191-9A5E-D7785EEEC637}.Debug|Any CPU.ActiveCfg = Debug|Any CPU
		{E546F539-A2AB-4191-9A5E-D7785EEEC637}.Debug|Any CPU.Build.0 = Debug|Any CPU
		{E546F539-A2AB-4191-9A5E-D7785EEEC637}.Release|Any CPU.ActiveCfg = Release|Any CPU
		{E546F539-A2AB-4191-9A5E-D7785EEEC637}.Release|Any CPU.Build.0 = Release|Any CPU
		{8F1E661D-4A46-4C0A-BB26-144B28CA47D4}.Debug|Any CPU.ActiveCfg = Debug|Any CPU
		{8F1E661D-4A46-4C0A-BB26-144B28CA47D4}.Debug|Any CPU.Build.0 = Debug|Any CPU
		{8F1E661D-4A46-4C0A-BB26-144B28CA47D4}.Release|Any CPU.ActiveCfg = Release|Any CPU
		{8F1E661D-4A46-4C0A-BB26-144B28CA47D4}.Release|Any CPU.Build.0 = Release|Any CPU
		{6B1D3A75-DF08-4BB5-9AE8-D90B9E5FCB99}.Debug|Any CPU.ActiveCfg = Debug|Any CPU
		{6B1D3A75-DF08-4BB5-9AE8-D90B9E5FCB99}.Debug|Any CPU.Build.0 = Debug|Any CPU
		{6B1D3A75-DF08-4BB5-9AE8-D90B9E5FCB99}.Release|Any CPU.ActiveCfg = Release|Any CPU
		{6B1D3A75-DF08-4BB5-9AE8-D90B9E5FCB99}.Release|Any CPU.Build.0 = Release|Any CPU
		{066589E9-BD72-4E1C-920F-A22D179C6067}.Debug|Any CPU.ActiveCfg = Debug|Any CPU
		{066589E9-BD72-4E1C-920F-A22D179C6067}.Debug|Any CPU.Build.0 = Debug|Any CPU
		{066589E9-BD72-4E1C-920F-A22D179C6067}.Release|Any CPU.ActiveCfg = Release|Any CPU
		{066589E9-BD72-4E1C-920F-A22D179C6067}.Release|Any CPU.Build.0 = Release|Any CPU
		{95A69743-073F-438E-85FA-F343B1C4ED7D}.Debug|Any CPU.ActiveCfg = Debug|Any CPU
		{95A69743-073F-438E-85FA-F343B1C4ED7D}.Debug|Any CPU.Build.0 = Debug|Any CPU
		{95A69743-073F-438E-85FA-F343B1C4ED7D}.Release|Any CPU.ActiveCfg = Release|Any CPU
		{95A69743-073F-438E-85FA-F343B1C4ED7D}.Release|Any CPU.Build.0 = Release|Any CPU
		{3C2BE7DE-1CBF-4C8F-BCEB-9E8DCF119FF4}.Debug|Any CPU.ActiveCfg = Debug|Any CPU
		{3C2BE7DE-1CBF-4C8F-BCEB-9E8DCF119FF4}.Debug|Any CPU.Build.0 = Debug|Any CPU
		{3C2BE7DE-1CBF-4C8F-BCEB-9E8DCF119FF4}.Release|Any CPU.ActiveCfg = Release|Any CPU
		{3C2BE7DE-1CBF-4C8F-BCEB-9E8DCF119FF4}.Release|Any CPU.Build.0 = Release|Any CPU
	EndGlobalSection
	GlobalSection(SolutionProperties) = preSolution
		HideSolutionNode = FALSE
	EndGlobalSection
	GlobalSection(NestedProjects) = preSolution
		{B33A91CA-8AA7-451D-A344-9658BA8C67A9} = {242216BB-C1C8-45EF-9C0F-7185A2E82766}
		{7B658C80-E913-4BF7-ACF3-38AD27A9ECCE} = {242216BB-C1C8-45EF-9C0F-7185A2E82766}
		{B4A282A3-ED81-42EA-8D0A-337406931F93} = {242216BB-C1C8-45EF-9C0F-7185A2E82766}
		{E546F539-A2AB-4191-9A5E-D7785EEEC637} = {242216BB-C1C8-45EF-9C0F-7185A2E82766}
		{338BD06C-600A-4B11-8122-7A3BE5BABBD5} = {242216BB-C1C8-45EF-9C0F-7185A2E82766}
		{8F1E661D-4A46-4C0A-BB26-144B28CA47D4} = {338BD06C-600A-4B11-8122-7A3BE5BABBD5}
		{6B1D3A75-DF08-4BB5-9AE8-D90B9E5FCB99} = {338BD06C-600A-4B11-8122-7A3BE5BABBD5}
		{066589E9-BD72-4E1C-920F-A22D179C6067} = {338BD06C-600A-4B11-8122-7A3BE5BABBD5}
		{95A69743-073F-438E-85FA-F343B1C4ED7D} = {242216BB-C1C8-45EF-9C0F-7185A2E82766}
		{3C2BE7DE-1CBF-4C8F-BCEB-9E8DCF119FF4} = {450F4D84-8857-446D-83D9-F3B411BFF75C}
	EndGlobalSection
	GlobalSection(ExtensibilityGlobals) = postSolution
		SolutionGuid = {48DBE8D4-FEF1-4044-8E0C-BB2C14155EE9}
	EndGlobalSection
EndGlobal
